
Microsoft Visual Studio Solution File, Format Version 12.00
# Visual Studio Version 17
VisualStudioVersion = 17.11.35312.102
MinimumVisualStudioVersion = 10.0.40219.1
Project("{FAE04EC0-301F-11D3-BF4B-00C04F79EFBC}") = "SberBanOnline", "SberBanOnline.csproj", "{E11BC753-AAD3-416A-9579-9AB61B6C75AE}"
EndProject
Global
	GlobalSection(SolutionConfigurationPlatforms) = preSolution
		Debug|Any CPU = Debug|Any CPU
		Release|Any CPU = Release|Any CPU
	EndGlobalSection
	GlobalSection(ProjectConfigurationPlatforms) = postSolution
		{E11BC753-AAD3-416A-9579-9AB61B6C75AE}.Debug|Any CPU.ActiveCfg = Debug|Any CPU
		{E11BC753-AAD3-416A-9579-9AB61B6C75AE}.Debug|Any CPU.Build.0 = Debug|Any CPU
		{E11BC753-AAD3-416A-9579-9AB61B6C75AE}.Release|Any CPU.ActiveCfg = Release|Any CPU
		{E11BC753-AAD3-416A-9579-9AB61B6C75AE}.Release|Any CPU.Build.0 = Release|Any CPU
	EndGlobalSection
	GlobalSection(SolutionProperties) = preSolution
		HideSolutionNode = FALSE
	EndGlobalSection
	GlobalSection(ExtensibilityGlobals) = postSolution
		SolutionGuid = {57E15F2D-D84C-40DB-BF9E-D37DD1671EB0}
	EndGlobalSection
EndGlobal
